
Microsoft Visual Studio Solution File, Format Version 12.00
# Visual Studio Version 17
VisualStudioVersion = 17.3.32929.385
MinimumVisualStudioVersion = 10.0.40219.1
Project("{FAE04EC0-301F-11D3-BF4B-00C04F79EFBC}") = "HellowWorld", "HellowWorld\HellowWorld.csproj", "{590D7230-EA18-4C2F-8208-3E8CD2A783AB}"
EndProject
Global
	GlobalSection(SolutionConfigurationPlatforms) = preSolution
		Debug|Any CPU = Debug|Any CPU
		Release|Any CPU = Release|Any CPU
	EndGlobalSection
	GlobalSection(ProjectConfigurationPlatforms) = postSolution
		{590D7230-EA18-4C2F-8208-3E8CD2A783AB}.Debug|Any CPU.ActiveCfg = Debug|Any CPU
		{590D7230-EA18-4C2F-8208-3E8CD2A783AB}.Debug|Any CPU.Build.0 = Debug|Any CPU
		{590D7230-EA18-4C2F-8208-3E8CD2A783AB}.Release|Any CPU.ActiveCfg = Release|Any CPU
		{590D7230-EA18-4C2F-8208-3E8CD2A783AB}.Release|Any CPU.Build.0 = Release|Any CPU
	EndGlobalSection
	GlobalSection(SolutionProperties) = preSolution
		HideSolutionNode = FALSE
	EndGlobalSection
	GlobalSection(ExtensibilityGlobals) = postSolution
		SolutionGuid = {BD5A5D63-463B-41E5-A010-9E0F9DF7B1D9}
	EndGlobalSection
EndGlobal
